{
  "name": "automation-failure-intelligence",
  "version": "0.1.0",
  "lockfileVersion": 3,
  "requires": true,
  "packages": {
    "": {
      "name": "automation-failure-intelligence",
      "version": "0.1.0",
      "dependencies": {
        "express": "^5.1.0",
        "fast-xml-parser": "^5.2.5",
        "multer": "^2.0.1",
        "pg": "^8.22.0"
      },
      "devDependencies": {
        "@types/express": "^5.0.3",
        "@types/multer": "^2.0.0",
        "@types/pg": "^8.20.0",
        "tsx": "^4.20.3",
        "typescript": "^5.8.3"
      }
    },
    "node_modules/@esbuild/aix-ppc64": {
      "version": "0.28.1",
      "resolved": "https://registry.npmjs.org/@esbuild/aix-ppc64/-/aix-ppc64-0.28.1.tgz",
      "integrity": "sha512-Svl7tq8k/08+p6CXPpRjQ1fKX+1odH/BQbb48fV6fj3CWHhsoIOoY87w1oHXm0qEpkIK3ZfVgp0hed3XBXzXMQ==",
      "cpu": [
        "ppc64"
      ],
      "dev": true,
      "license": "MIT",
      "optional": true,
      "os": [
        "aix"
      ],
      "engines": {
        "node": ">=18"
      }
    },
    "node_modules/@esbuild/android-arm": {
      "version": "0.28.1",
      "resolved": "https://registry.npmjs.org/@esbuild/android-arm/-/android-arm-0.28.1.tgz",
      "integrity": "sha512-0k2F129Xdio1TdJfzJ8sy1Q47vUD2NnwdhiAf7drUN1EBTfPf4hsFCtmMgu/6m8JSzsBrlmVjudMBQqOfG8usQ==",
      "cpu": [
        "arm"
      ],
      "dev": true,
      "license": "MIT",
      "optional": true,
      "os": [
        "android"
      ],
      "engines": {
        "node": ">=18"
      }
    },
    "node_modules/@esbuild/android-arm64": {
      "version": "0.28.1",
      "resolved": "https://registry.npmjs.org/@esbuild/android-arm64/-/android-arm64-0.28.1.tgz",
      "integrity": "sha512-34EGEbCIAgosYz6goLcopX6Mo7NyGv9tfwEM2/7Ce2VcVRk568iSvniGWcUXIy7wEDR1wzolcxcriFVrWYcwBg==",
      "cpu": [
        "arm64"
      ],
      "dev": true,
      "license": "MIT",
      "optional": true,
      "os": [
        "android"
      ],
      "engines": {
        "node": ">=18"
      }
    },
    "node_modules/@esbuild/android-x64": {
      "version": "0.28.1",
      "resolved": "https://registry.npmjs.org/@esbuild/android-x64/-/android-x64-0.28.1.tgz",
      "integrity": "sha512-dbwY7ltSMDWsRatcRpCnES4F+im88OCUgGZjy52shC7GqHRE/cYlxNbB4Z4UpJswpcc4Qxd2oE/ufM0p61IKng==",
      "cpu": [
        "x64"
      ],
      "dev": true,
      "license": "MIT",
      "optional": true,
      "os": [
        "android"
      ],
      "engines": {
        "node": ">=18"
      }
    },
    "node_modules/@esbuild/darwin-arm64": {
      "version": "0.28.1",
      "resolved": "https://registry.npmjs.org/@esbuild/darwin-arm64/-/darwin-arm64-0.28.1.tgz",
      "integrity": "sha512-TZbWkQY7kvTAXbXUT7uVACR5cMHsDiSz9z7ZKAX/RTq/WJEk3QyRr0wZpNhBDX+/0CtdqUIJlOiodQcta6tY3Q==",
      "cpu": [
        "arm64"
      ],
      "dev": true,
      "license": "MIT",
      "optional": true,
      "os": [
        "darwin"
      ],
      "engines": {
        "node": ">=18"
      }
    },
    "node_modules/@esbuild/darwin-x64": {
      "version": "0.28.1",
      "resolved": "https://registry.npmjs.org/@esbuild/darwin-x64/-/darwin-x64-0.28.1.tgz",
      "integrity": "sha512-zfdzgK9ACBNZLI/CyHTOx81SyNbM6YXn7rxSgX97VjyiPl9W1i4Ka4fgKECEoFCKGpvBj5qArWIGgQjOwkgskQ==",
      "cpu": [
        "x64"
      ],
      "dev": true,
      "license": "MIT",
      "optional": true,
      "os": [
        "darwin"
      ],
      "engines": {
        "node": ">=18"
      }
    },
    "node_modules/@esbuild/freebsd-arm64": {
      "version": "0.28.1",
      "resolved": "https://registry.npmjs.org/@esbuild/freebsd-arm64/-/freebsd-arm64-0.28.1.tgz",
      "integrity": "sha512-wG2EA8ENdEI0qhkSZMjfqrdY+ziCYCPMmtZjjIwOmXFjmyzEHn+UUxk5of+SYsjtfs3VpnlC7QLzSI5hY/rOAw==",
      "cpu": [
        "arm64"
      ],
      "dev": true,
      "license": "MIT",
      "optional": true,
      "os": [
        "freebsd"
      ],
      "engines": {
        "node": ">=18"
      }
    },
    "node_modules/@esbuild/freebsd-x64": {
      "version": "0.28.1",
      "resolved": "https://registry.npmjs.org/@esbuild/freebsd-x64/-/freebsd-x64-0.28.1.tgz",
      "integrity": "sha512-i7dZ9vQgnvSCzi/rYCXNgtF/U+eKZNJBzu3eTQbRgHnM7tNSizLOkRFAl3qzVc/Op/u5YkHHa4pf/3DOYHthLQ==",
      "cpu": [
        "x64"
      ],
      "dev": true,
      "license": "MIT",
      "optional": true,
      "os": [
        "freebsd"
      ],
      "engines": {
        "node": ">=18"
      }
    },
    "node_modules/@esbuild/linux-arm": {
      "version": "0.28.1",
      "resolved": "https://registry.npmjs.org/@esbuild/linux-arm/-/linux-arm-0.28.1.tgz",
      "integrity": "sha512-qVXBOHQS+d5Y722GwJzJUtOLlX7km3CraOaGormF1pDtPd2C/l1SHRPgjLunLGe51Sh5YYWKMFDyV4SxgMQYTQ==",
      "cpu": [
        "arm"
      ],
      "dev": true,
      "license": "MIT",
      "optional": true,
      "os": [
        "linux"
      ],
      "engines": {
        "node": ">=18"
      }
    },
    "node_modules/@esbuild/linux-arm64": {
      "version": "0.28.1",
      "resolved": "https://registry.npmjs.org/@esbuild/linux-arm64/-/linux-arm64-0.28.1.tgz",
      "integrity": "sha512-yHs+0uc8+nvEAfAfxrWQKK5peSNzBc4PegcMO0EJ2hT71uA7vB8Ihg2e77R2P7SG5uYjPbHlLLmve4LLLRCf0g==",
      "cpu": [
        "arm64"
      ],
      "dev": true,
      "license": "MIT",
      "optional": true,
      "os": [
        "linux"
      ],
      "engines": {
        "node": ">=18"
      }
    },
    "node_modules/@esbuild/linux-ia32": {
      "version": "0.28.1",
      "resolved": "https://registry.npmjs.org/@esbuild/linux-ia32/-/linux-ia32-0.28.1.tgz",
      "integrity": "sha512-d1z4ZuP0ajrfz/FhGT4vv278rX8KnPPJx8i5+AtK7TYbx9Le9F1hyzurZpkEyjkGa9dUGhQow4C1NmeGvqxN2w==",
      "cpu": [
        "ia32"
      ],
      "dev": true,
      "license": "MIT",
      "optional": true,
      "os": [
        "linux"
      ],
      "engines": {
        "node": ">=18"
      }
    },
    "node_modules/@esbuild/linux-loong64": {
      "version": "0.28.1",
      "resolved": "https://registry.npmjs.org/@esbuild/linux-loong64/-/linux-loong64-0.28.1.tgz",
      "integrity": "sha512-M5sRjUVZrkm1OAPR3dlOYzNmN+loZKGVi1VUQGrwuqLcbR6qeAz+famMhjASeH3YVKvZz+zT1jlh/keC3Rj/lg==",
      "cpu": [
        "loong64"
      ],
      "dev": true,
      "license": "MIT",
      "optional": true,
      "os": [
        "linux"
      ],
      "engines": {
        "node": ">=18"
      }
    },
    "node_modules/@esbuild/linux-mips64el": {
      "version": "0.28.1",
      "resolved": "https://registry.npmjs.org/@esbuild/linux-mips64el/-/linux-mips64el-0.28.1.tgz",
      "integrity": "sha512-mRObBZeHh2OxcBFPWE/FjylkRgZdYuiTR3vaTozquCGOH14iP9oN4x4Ge81CoIDYQrXmIxpFumJBu5MtZpnQJQ==",
      "cpu": [
        "mips64el"
      ],
      "dev": true,
      "license": "MIT",
      "optional": true,
      "os": [
        "linux"
      ],
      "engines": {
        "node": ">=18"
      }
    },
    "node_modules/@esbuild/linux-ppc64": {
      "version": "0.28.1",
      "resolved": "https://registry.npmjs.org/@esbuild/linux-ppc64/-/linux-ppc64-0.28.1.tgz",
      "integrity": "sha512-slScBsMAb3GFDcdrCgLwZtPYRoH2H/youv10QiZyRjmsP48fznoveWytSgCI/R0ZcUgpc0ZhIUEx6LHts8yrfQ==",
      "cpu": [
        "ppc64"
      ],
      "dev": true,
      "license": "MIT",
      "optional": true,
      "os": [
        "linux"
      ],
      "engines": {
        "node": ">=18"
      }
    },
    "node_modules/@esbuild/linux-riscv64": {
      "version": "0.28.1",
      "resolved": "https://registry.npmjs.org/@esbuild/linux-riscv64/-/linux-riscv64-0.28.1.tgz",
      "integrity": "sha512-kw0owk1o0GFETUJyW0jc0G4Yzs0BHZn0JDZ8JRT088vjJYX777BAs1fDGxAC+q831qOs2DTC96mNsG2opdfyyQ==",
      "cpu": [
        "riscv64"
      ],
      "dev": true,
      "license": "MIT",
      "optional": true,
      "os": [
        "linux"
      ],
      "engines": {
        "node": ">=18"
      }
    },
    "node_modules/@esbuild/linux-s390x": {
      "version": "0.28.1",
      "resolved": "https://registry.npmjs.org/@esbuild/linux-s390x/-/linux-s390x-0.28.1.tgz",
      "integrity": "sha512-/lAIjX8aYFRByhh6L5rYtPEDRqa9de/4V/juOXcta5frjvzXO4/sqEtyytse0g3zZFuWu5cDN0MkLz2qRDD2Ag==",
      "cpu": [
        "s390x"
      ],
      "dev": true,
      "license": "MIT",
      "optional": true,
      "os": [
        "linux"
      ],
      "engines": {
        "node": ">=18"
      }
    },
    "node_modules/@esbuild/linux-x64": {
      "version": "0.28.1",
      "resolved": "https://registry.npmjs.org/@esbuild/linux-x64/-/linux-x64-0.28.1.tgz",
      "integrity": "sha512-u/anNYF2mmVOEDwLtnQ1wOr3EZ9sTNGLWrsYGYwHWzGA3Si84IOkHXlbWTD1NB+9/1lcnweYKO54uhxZydNzfA==",
      "cpu": [
        "x64"
      ],
      "dev": true,
      "license": "MIT",
      "optional": true,
      "os": [
        "linux"
      ],
      "engines": {
        "node": ">=18"
      }
    },
    "node_modules/@esbuild/netbsd-arm64": {
      "version": "0.28.1",
      "resolved": "https://registry.npmjs.org/@esbuild/netbsd-arm64/-/netbsd-arm64-0.28.1.tgz",
      "integrity": "sha512-oks0DYbLwWMmaakTsCb+zL4E+aHRVLom9IJZOAthMQEPiQmydXHkziYEsGYRx0uNV/IjEKGAV941JzH02pflqw==",
      "cpu": [
        "arm64"
      ],
      "dev": true,
      "license": "MIT",
      "optional": true,
      "os": [
        "netbsd"
      ],
      "engines": {
        "node": ">=18"
      }
    },
    "node_modules/@esbuild/netbsd-x64": {
      "version": "0.28.1",
      "resolved": "https://registry.npmjs.org/@esbuild/netbsd-x64/-/netbsd-x64-0.28.1.tgz",
      "integrity": "sha512-aeL6lAnN89Hz43Mlh1G8ARasbuoYvSITDEx0tHh5b7jJnHcssqgjy9Yx430GDpmCa6OyrKoS0aNRjKundRizGg==",
      "cpu": [
        "x64"
      ],
      "dev": true,
      "license": "MIT",
      "optional": true,
      "os": [
        "netbsd"
      ],
      "engines": {
        "node": ">=18"
      }
    },
    "node_modules/@esbuild/openbsd-arm64": {
      "version": "0.28.1",
      "resolved": "https://registry.npmjs.org/@esbuild/openbsd-arm64/-/openbsd-arm64-0.28.1.tgz",
      "integrity": "sha512-MEFJe5C3R8pwXdZ5Y21oo6m7ePiS0d9pWucn99O/wvyJZChoIQKrQDxKrGeW8F5+T0okTHesAmDeiHDTIq0V/Q==",
      "cpu": [
        "arm64"
      ],
      "dev": true,
      "license": "MIT",
      "optional": true,
      "os": [
        "openbsd"
      ],
      "engines": {
        "node": ">=18"
      }
    },
    "node_modules/@esbuild/openbsd-x64": {
      "version": "0.28.1",
      "resolved": "https://registry.npmjs.org/@esbuild/openbsd-x64/-/openbsd-x64-0.28.1.tgz",
      "integrity": "sha512-i/ZLIOafE0Z8cI/XANJAixoJL/uRAoS2xOA3rb0xN+KK0K177cMAsQYkzHtBrtMXAKuAc7HGgcWiZ/sRC1Nxgw==",
      "cpu": [
        "x64"
      ],
      "dev": true,
      "license": "MIT",
      "optional": true,
      "os": [
        "openbsd"
      ],
      "engines": {
        "node": ">=18"
      }
    },
    "node_modules/@esbuild/openharmony-arm64": {
      "version": "0.28.1",
      "resolved": "https://registry.npmjs.org/@esbuild/openharmony-arm64/-/openharmony-arm64-0.28.1.tgz",
      "integrity": "sha512-ge+Z7EXFNt2BO1oAMsVpiQ8EwndV9i1xXerAeTIK7AtPs3bKFXQM7nlRxDSIUIMeueR1CNXxqztLzdNeReKBJg==",
      "cpu": [
        "arm64"
      ],
      "dev": true,
      "license": "MIT",
      "optional": true,
      "os": [
        "openharmony"
      ],
      "engines": {
        "node": ">=18"
      }
    },
    "node_modules/@esbuild/sunos-x64": {
      "version": "0.28.1",
      "resolved": "https://registry.npmjs.org/@esbuild/sunos-x64/-/sunos-x64-0.28.1.tgz",
      "integrity": "sha512-BEjgtECkL3vY+SaSQ6nzVfiALUeFxpawyp8Jmf5PtYhf1Ug40N1h/hxlhts+f1FvSvarEigdxS3BlSMI2PJLcQ==",
      "cpu": [
        "x64"
      ],
      "dev": true,
      "license": "MIT",
      "optional": true,
      "os": [
        "sunos"
      ],
      "engines": {
        "node": ">=18"
      }
    },
    "node_modules/@esbuild/win32-arm64": {
      "version": "0.28.1",
      "resolved": "https://registry.npmjs.org/@esbuild/win32-arm64/-/win32-arm64-0.28.1.tgz",
      "integrity": "sha512-lCv9eK/H6ZJWbE7bh2nw54CZ9M2nupBxJcTsdk/QQnWkdSjKGuxmmH8/GWrlT1eMmZfn4dGcCjRte397WqfQXA==",
      "cpu": [
        "arm64"
      ],
      "dev": true,
      "license": "MIT",
      "optional": true,
      "os": [
        "win32"
      ],
      "engines": {
        "node": ">=18"
      }
    },
    "node_modules/@esbuild/win32-ia32": {
      "version": "0.28.1",
      "resolved": "https://registry.npmjs.org/@esbuild/win32-ia32/-/win32-ia32-0.28.1.tgz",
      "integrity": "sha512-zvb/mB2bSCoJOpoCBgYKKpX6YM6mJBlBUVUtVj41DlZJVEB6/0CKlRYxP5wWl1C1ILiCoAU5wZZ4q1P3qeS6Eg==",
      "cpu": [
        "ia32"
      ],
      "dev": true,
      "license": "MIT",
      "optional": true,
      "os": [
        "win32"
      ],
      "engines": {
        "node": ">=18"
      }
    },
    "node_modules/@esbuild/win32-x64": {
      "version": "0.28.1",
      "resolved": "https://registry.npmjs.org/@esbuild/win32-x64/-/win32-x64-0.28.1.tgz",
      "integrity": "sha512-bm4Mowrv+GXMlpWX++EcXw/iLyd1o3+bJkC2DkWXYVvgZCqD/bSj9ctZeAMC3cIxgjRVR2Dufaiu4YPxr5gW1A==",
      "cpu": [
        "x64"
      ],
      "dev": true,
      "license": "MIT",
      "optional": true,
      "os": [
        "win32"
      ],
      "engines": {
        "node": ">=18"
      }
    },
    "node_modules/@nodable/entities": {
      "version": "3.0.0",
      "resolved": "https://registry.npmjs.org/@nodable/entities/-/entities-3.0.0.tgz",
      "integrity": "sha512-8L9xFeTYKhm49xfIypoe2W5wV1m/3Z58kT+7kR9A8OyFxcPduI4VmxaUMQyKYrRjUoLLSXv6EKKID5Tvj9cUVw==",
      "funding": [
        {
          "type": "github",
          "url": "https://github.com/sponsors/nodable"
        }
      ],
      "license": "MIT"
    },
    "node_modules/@types/body-parser": {
      "version": "1.19.6",
      "resolved": "https://registry.npmjs.org/@types/body-parser/-/body-parser-1.19.6.tgz",
      "integrity": "sha512-HLFeCYgz89uk22N5Qg3dvGvsv46B8GLvKKo1zKG4NybA8U2DiEO3w9lqGg29t/tfLRJpJ6iQxnVw4OnB7MoM9g==",
      "dev": true,
      "license": "MIT",
      "dependencies": {
        "@types/connect": "*",
        "@types/node": "*"
      }
    },
    "node_modules/@types/connect": {
      "version": "3.4.38",
      "resolved": "https://registry.npmjs.org/@types/connect/-/connect-3.4.38.tgz",
      "integrity": "sha512-K6uROf1LD88uDQqJCktA4yzL1YYAK6NgfsI0v/mTgyPKWsX1CnJ0XPSDhViejru1GcRkLWb8RlzFYJRqGUbaug==",
      "dev": true,
      "license": "MIT",
      "dependencies": {
        "@types/node": "*"
      }
    },
    "node_modules/@types/express": {
      "version": "5.0.6",
      "resolved": "https://registry.npmjs.org/@types/express/-/express-5.0.6.tgz",
      "integrity": "sha512-sKYVuV7Sv9fbPIt/442koC7+IIwK5olP1KWeD88e/idgoJqDm3JV/YUiPwkoKK92ylff2MGxSz1CSjsXelx0YA==",
      "dev": true,
      "license": "MIT",
      "dependencies": {
        "@types/body-parser": "*",
        "@types/express-serve-static-core": "^5.0.0",
        "@types/serve-static": "^2"
      }
    },
    "node_modules/@types/express-serve-static-core": {
      "version": "5.1.2",
      "resolved": ×m»ÒÚ$z{-®éÜj×ç6R#¢$Ô•B"À¢&FWVæFVæ6–W2#¢°¢'‡FVæB#¢%ãBãã ¢ÒÀ¢&Væv–æW2#¢°¢&æöFR#¢#ãÓãã ¢Ð¢ÒÀ¢&æöFUöÖöGVÆW2÷&÷‡’ÖFG"#¢°¢'fW'6–öâ#¢#"ããr"À¢'&W6öÇfVB#¢&‡GG3¢ò÷&Vv—7G'’æçÖ§2æ÷&r÷&÷‡’ÖFG"òÒ÷&÷‡’ÖFG"Ó"ããrçFw¢"À¢&–çFVw&—G’#¢'6†S"ÖÆÅ4ÔÅ5TEUCCF¦G%Rôó3wÆæ–f—DEµ§w&ÖÕ¦6õ4·”Ä·gE§‡•cã"ö$BôãGD$¢öt¤VE¥St´×&ô³µ…”sÓÒ"À¢&Æ–6Vç6R#¢$Ô•B"À¢&FWVæFVæ6–W2#¢°¢&f÷'v&FVB#¢#ã"ã"À¢&—FG"æ§2#¢#ã’ã ¢ÒÀ¢&Væv–æW2#¢°¢&æöFR#¢#ãÒã ¢Ð¢ÒÀ¢&æöFUöÖöGVÆW2÷2#¢°¢'fW'6–öâ#¢#bãRã2"À¢'&W6öÇfVB#¢&‡GG3¢ò÷&Vv—7G'’æçÖ§2æ÷&r÷2òÒ÷2ÓbãRã2çFw¢"À¢&–çFVw&—G’#¢'6†S"Ôó–vÃ7¤6ÃVƒV&Çs´uW¥¶„VõU…6Ã‡'uT”ÓVó36ä5„ÖÆ•7g“TG§ƒrôD¦4’µ7vt”7b´–æU5§v„&ƒõ7”T„sÓÒ"À¢&Æ–6Vç6R#¢$%4BÓ2Ô6ÆW6R"À¢&FWVæFVæ6–W2#¢°¢&W2ÖFVf–æR×&÷W'G’#¢%ããã"À¢'6–FRÖ6†ææVÂ#¢%ããã ¢ÒÀ¢&Væv–æW2#¢°¢&æöFR#¢#ãÓãb ¢ÒÀ¢&gVæF–ær#¢°¢'W&Â#¢&‡GG3¢òöv—F‡V"æ6öÒ÷7öç6÷'2öÆ¦†&" ¢Ð¢ÒÀ¢&æöFUöÖöGVÆW2÷&ævR×'6W"#¢°¢'fW'6–öâ#¢#ã2ã"À¢'&W6öÇfVB#¢&‡GG3¢ò÷&Vv—7G'’æçÖ§2æ÷&r÷&ævR×'6W"òÒ÷&ævR×'6W"Óã2ãçFw¢"À¢&–çFVw&—G’#¢'6†S"Ö†V³&ÔeT“DS$$·%7Fò´%S6S7ƒG‡V'6&—w#2¶ÆcwCF§WddÕc„eu7…W—„E'%„Ä–ö5Tv%7CSe¤×sÓÒ"À¢&Æ–6Vç6R#¢$Ô•B"À¢&Væv–æW2#¢°¢&æöFR#¢#ãÒãb ¢ÒÀ¢&gVæF–ær#¢°¢'G—R#¢&÷Væ6öÆÆV7F—fR"À¢'W&Â#¢&‡GG3¢òö÷Væ6öÆÆV7F—fRæ6öÒöW‡&W72 ¢Ð¢ÒÀ¢&æöFUöÖöGVÆW2÷&rÖ&öG’#¢°¢'fW'6–öâ#¢#2ãã""À¢'&W6öÇfVB#¢&‡GG3¢ò÷&Vv—7G'’æçÖ§2æ÷&r÷&rÖ&öG’òÒ÷&rÖ&öG’Ó2ãã"çFw¢"À¢&–çFVw&—G’#¢'6†S"Ô³W¥¤FÆÇ…v¶cu£W„¦Ecô#uDçƒgg„ss¤¤SDã´'3DÆ÷fÔU•t§¥w„3–%3•$·S6&tÓCÇ&CW¦ôÄ£$ÕT$ÓÒ"À¢&Æ–6Vç6R#¢$Ô•B"À¢&FWVæFVæ6–W2#¢°¢&'—FW2#¢'ã2ãã""À¢&‡GGÖW'&÷'2#¢'ã"ãã"À¢&–6öçbÖÆ—FR#¢'ããrã"À¢'Vç—R#¢'ããã ¢ÒÀ¢&Væv–æW2#¢°¢&æöFR#¢#ãÒã ¢Ð¢ÒÀ¢&æöFUöÖöGVÆW2÷&VF&ÆR×7G&VÒ#¢°¢'fW'6–öâ#¢#2ãbã""À¢'&W6öÇfVB#¢&‡GG3¢ò÷&Vv—7G'’æçÖ§2æ÷&r÷&VF&ÆR×7G&VÒòÒ÷&VF&ÆR×7G&VÒÓ2ãbã"çFw¢"À¢&–çFVw&—G’#¢'6†S"Ó—R÷6æ”7%“4CUvG4U$‡¤„SDs%”5‡ôsTeD…V”43E4–'#e†4Å¤%“W–”T¶¥–V³”óW„ôv¤w³¦Dt$3u•66ôÓÒ"À¢&Æ–6Vç6R#¢$Ô•B"À¢&FWVæFVæ6–W2#¢°¢&–æ†W&—G2#¢%ã"ãã2"À¢'7G&–æuöFV6öFW"#¢%ããã"À¢'WF–ÂÖFW&V6FR#¢%ããã ¢ÒÀ¢&Væv–æW2#¢°¢&æöFR#¢#ãÒb ¢Ð¢ÒÀ¢&æöFUöÖöGVÆW2÷&÷WFW"#¢°¢'fW'6–öâ#¢#"ã"ã"À¢'&W6öÇfVB#¢&‡GG3¢ò÷&Vv—7G'’æçÖ§2æ÷&r÷&÷WFW"òÒ÷&÷WFW"Ó"ã"ãçFw¢"À¢&–çFVw&—G’#¢'6†S"ÖäÅG%T¶Ó%W–”Ãw&Æ†Rõ¦ÃCTgtævµ¤v7¦$”†¤E–wvÄ¤4÷¤Å6²¶4•ç4Wc“STv¤”Ä¦ä¶&E3åe¢¶t•ÓÒ"À¢&Æ–6Vç6R#¢$Ô•B"À¢&FWVæFVæ6–W2#¢°¢&FV'Vr#¢%ãBãBã"À¢&FWB#¢%ã"ãã"À¢&—2×&öÖ—6R#¢%ãBãã"À¢''6WW&Â#¢%ãã2ã2"À¢'F‚×Fò×&VvW‡#¢%ã‚ãã ¢ÒÀ¢&Væv–æW2#¢°¢&æöFR#¢#ãÒ‚ ¢Ð¢ÒÀ¢&æöFUöÖöGVÆW2÷6fRÖ'VffW"#¢°¢'fW'6–öâ#¢#Rã"ã"À¢'&W6öÇfVB#¢&‡GG3¢ò÷&Vv—7G'’æçÖ§2æ÷&r÷6fRÖ'VffW"òÒ÷6fRÖ'VffW"ÓRã"ãçFw¢"À¢&–çFVw&—G’#¢'6†S"×'56ót¶6FÖÔ¶$wfvç…4§#v$ue5f³U3”Wb·%&ósµ–VG†·sTFC„åâ´tCf&¦å–Ó%gUT5†×U—fÔ5…ÓÒ"À¢&gVæF–ær#¢°¢°¢'G—R#¢&v—F‡V""À¢'W&Â#¢&‡GG3¢òöv—F‡V"æ6öÒ÷7öç6÷'2öfW&÷72 ¢ÒÀ¢°¢'G—R#¢'G&Vöâ"À¢'W&Â#¢&‡GG3¢ò÷wwrçG&Vöâæ6öÒöfW&÷72 ¢ÒÀ¢°¢'G—R#¢&6öç7VÇF–ær"À¢'W&Â#¢&‡GG3¢òöfW&÷72æ÷&r÷7W÷'B ¢Ð¢ÒÀ¢&Æ–6Vç6R#¢$Ô•B ¢ÒÀ¢&æöFUöÖöGVÆW2÷6fW"Ö'VffW"#¢°¢'fW'6–öâ#¢#"ãã""À¢'&W6öÇfVB#¢&‡GG3¢ò÷&Vv—7G'’æçÖ§2æ÷&r÷6fW"Ö'VffW"òÒ÷6fW"Ö'VffW"Ó"ãã"çFw¢"À¢&–çFVw&—G’#¢'6†S"Õ•¦ó4³ƒ%4Cu&—–“SUö¤Ç£v·Wå5“”—•$„†s……†Wf#VD¤“wG”ã$G„v5$„swf7•$†³6'w5&•WFsÓÒ"À¢&Æ–6Vç6R#¢$Ô•B ¢ÒÀ¢&æöFUöÖöGVÆW2÷6VæB#¢°¢'fW'6–öâ#¢#ã"ã"À¢'&W6öÇfVB#¢&‡GG3¢ò÷&Vv—7G'’æçÖ§2æ÷&r÷6VæBòÒ÷6VæBÓã"ãçFw¢"À¢&–çFVw&—G’#¢'6†S"Óvå¦ctDf6ô–6¥F¥Gv§wTF§§W£E5“%7DµÇ4tµ”ƒ#•%g$&…5vÖF¦÷uD£gS…&3õ”ôt…†eÕ–5¤åÓÒ"À¢&Æ–6Vç6R#¢$Ô•B"À¢&FWVæFVæ6–W2#¢°¢&FV'Vr#¢%ãBãBã2"À¢&Væ6öFWW&Â#¢%ã"ãã"À¢&W66RÖ‡FÖÂ#¢%ããã2"À¢&WFr#¢%ãã‚ã"À¢&g&W6‚#¢%ã"ãã"À¢&‡GGÖW'&÷'2#¢%ã"ãã"À¢&Ö–ÖR×G—W2#¢%ã2ãã""À¢&×2#¢%ã"ãã2"À¢&öâÖf–æ—6†VB#¢%ã"ãBã"À¢'&ævR×'6W"#¢%ãã"ã"À¢'7FGW6W2#¢%ã"ãã" ¢ÒÀ¢&Væv–æW2#¢°¢&æöFR#¢#ãÒ‚ ¢ÒÀ¢&gVæF–ær#¢°¢'G—R#¢&÷Væ6öÆÆV7F—fR"À¢'W&Â#¢&‡GG3¢òö÷Væ6öÆÆV7F—fRæ6öÒöW‡&W72 ¢Ð¢ÒÀ¢&æöFUöÖöGVÆW2÷6W'fR×7FF–2#¢°¢'fW'6–öâ#¢#"ã"ã"À¢'&W6öÇfVB#¢&‡GG3¢ò÷&Vv—7G'’æçÖ§2æ÷&r÷6W'fR×7FF–2òÒ÷6W'fR×7FF–2Ó"ã"ãçFw¢"À¢&–çFVw&—G’#¢'6†S"×…%„&ãEe”3‡w•$·3$ÔöÅƒ#G¥ôv£·VÇGfôô77D%ÓW—dö„e5WtôÖ¥EGg5vôä4†ewv¦…GsÓÒ"À¢&Æ–6Vç6R#¢$Ô•B"À¢&FWVæFVæ6–W2#¢°¢&Væ6öFWW&Â#¢%ã"ãã"À¢&W66RÖ‡FÖÂ#¢%ããã2"À¢''6WW&Â#¢%ãã2ã2"À¢'6VæB#¢%ãã"ã ¢ÒÀ¢&Væv–æW2#¢°¢&æöFR#¢#ãÒ‚ ¢ÒÀ¢&gVæF–ær#¢°¢'G—R#¢&÷Væ6öÆÆV7F—fR"À¢'W&Â#¢&‡GG3¢òö÷Væ6öÆÆV7F—fRæ6öÒöW‡&W72 ¢Ð¢ÒÀ¢&æöFUöÖöGVÆW2÷6WG&÷F÷G—Vöb#¢°¢'fW'6–öâ#¢#ã"ã"À¢'&W6öÇfVB#¢&‡GG3¢ò÷&Vv—7G'’æçÖ§2æ÷&r÷6WG&÷F÷G—VöbòÒ÷6WG&÷F÷G—VöbÓã"ãçFw¢"À¢&–çFVw&—G’#¢'6†S"ÔSTÄEƒuw'ƒT¶–ÃV&…§cCf£†¤öV&ô·T¤ÖÕ”Ó6udvDtƒ‡„gu…T×4ç&ÄôD7&¶÷„ÔVTæ’õ…¤—wU'e“E„çu”Ô§sÓÒ"À¢&Æ–6Vç6R#¢$•42 ¢ÒÀ¢&æöFUöÖöGVÆW2÷6–FRÖ6†ææVÂ#¢°¢'fW'6–öâ#¢#ãã"À¢'&W6öÇfVB#¢&‡GG3¢ò÷&Vv—7G'’æçÖ§2æ÷&r÷6–FRÖ6†ææVÂòÒ÷6–FRÖ6†ææVÂÓããçFw¢"À¢&–çFVw&—G’#¢'6†S"ÓgƒfD³g¤¦GG¤cG5Tå—‡wGd'¦cdVsDwFÆW53“D„÷eGVEVW”³%u„–fÔFw7—6Å—%$&Td–Ç6“SD—4duWV†×g%ÓÒ"À¢&Æ–6Vç6R#¢$Ô•B"À¢&FWVæFVæ6–W2#¢°¢&W2ÖW'&÷'2#¢%ãã2ã"À¢&ö&¦V7BÖ–ç7V7B#¢%ãã2ãB"À¢'6–FRÖ6†ææVÂÖÆ—7B#¢%ããã"À¢'6–FRÖ6†ææVÂÖÖ#¢%ããã"À¢'6–FRÖ6†ææVÂ×vV¶Ö#¢%ããã" ¢ÒÀ¢&Væv–æW2#¢°¢&æöFR#¢#ãÒãB ¢ÒÀ¢&gVæF–ær#¢°¢'W&Â#¢&‡GG3¢òöv—F‡V"æ6öÒ÷7öç6÷'2öÆ¦†&" ¢Ð¢ÒÀ¢&æöFUöÖöGVÆW2÷6–FRÖ6†ææVÂÖÆ—7B#¢°¢'fW'6–öâ#¢#ãã"À¢'&W6öÇfVB#¢&‡GG3¢ò÷&Vv—7G'’æçÖ§2æ÷&r÷6–FRÖ6†ææVÂÖÆ—7BòÒ÷6–FRÖ6†ææVÂÖÆ—7BÓããçFw¢"À¢&–çFVw&—G’#¢'6†S"ÖÖ¦âó&’öõUU&¦3U†Ãt–v’ôô¤¤§V×Vô¤e¦dDG”óCb¶„%w6fdÓcUD$‡&Võ¤&‡¦Ã”V6‡„ö–§¶%$3…5d%SsÓÒ"À¢&Æ–6Vç6R#¢$Ô•B"À¢&FWVæFVæ6–W2#¢°¢&W2ÖW'&÷'2#¢%ãã2ã"À¢&ö&¦V7BÖ–ç7V7B#¢%ãã2ãB ¢ÒÀ¢&Væv–æW2#¢°¢&æöFR#¢#ãÒãB ¢ÒÀ¢&gVæF–ær#¢°¢'W&Â#¢&‡GG3¢òöv—F‡V"æ6öÒ÷7öç6÷'2öÆ¦†&" ¢Ð¢ÒÀ¢&æöFUöÖöGVÆW2÷6–FRÖ6†ææVÂÖÖ#¢°¢'fW'6–öâ#¢#ãã"À¢'&W6öÇfVB#¢&‡GG3¢ò÷&Vv—7G'’æçÖ§2æ÷&r÷6–FRÖ6†ææVÂÖÖòÒ÷6–FRÖ6†ææVÂÖÖÓããçFw¢"À¢&–çFVw&—G’#¢'6†S"Õd6¤4æft×6'“7EFFó&æ&§DÒöWw&f¥†×F†VæµE–ƒ‡s—V5¢ó…6óGSDdt&V²ô&§õg4D4ÖôÄö—T$´”e…$ÓÒ"À¢&Æ–6Vç6R#¢$Ô•B"À¢&FWVæFVæ6–W2#¢°¢&6ÆÂÖ&÷VæB#¢%ããã""À¢&W2ÖW'&÷'2#¢%ãã2ã"À¢&vWBÖ–çG&–ç6–2#¢%ãã"ãR"À¢&ö&¦V7BÖ–ç7V7B#¢%ãã2ã2 ¢ÒÀ¢&Væv–æW2#¢°¢&æöFR#¢#ãÒãB ¢ÒÀ¢&gVæF–ær#¢°¢'W&Â#¢&‡GG3¢òöv—F‡V"æ6öÒ÷7öç6÷'2öÆ¦†&" ¢Ð¢ÒÀ¢&æöFUöÖöGVÆW2÷6–FRÖ6†ææVÂ×vV¶Ö#¢°¢'fW'6–öâ#¢#ãã""À¢'&W6öÇfVB#¢&‡GG3¢ò÷&Vv—7G'’æçÖ§2æ÷&r÷6–FRÖ6†ææVÂ×vV¶ÖòÒ÷6–FRÖ6†ææVÂ×vV¶ÖÓãã"çFw¢"À¢&–çFVw&—G’#¢'6†S"Õu2ô‡d…E–ä†—4Æó”Ö7$„ô¦³$f´„ò÷FÇfÆG—&æVÓFUF†“6w—F‡7vsgõ6õFÃS‡&7”d¤c&'#$³$ÓÒ"À¢&Æ–6Vç6R#¢$Ô•B"À¢&FWVæFVæ6–W2#¢°¢&6ÆÂÖ&÷VæB#¢%ããã""À¢&W2ÖW'&÷'2#¢%ãã2ã"À¢&vWBÖ–çG&–ç6–2#¢%ãã"ãR"À¢&ö&¦V7BÖ–ç7V7B#¢%ãã2ã2"À¢'6–FRÖ6†ææVÂÖÖ#¢%ããã ¢ÒÀ¢&Væv–æW2#¢°¢&æöFR#¢#ãÒãB ¢ÒÀ¢&gVæF–ær#¢°¢'W&Â#¢&‡GG3¢òöv—F‡V"æ6öÒ÷7öç6÷'2öÆ¦†&" ¢Ð¢ÒÀ¢&æöFUöÖöGVÆW2÷7Æ—C"#¢°¢'fW'6–öâ#¢#Bã"ã"À¢'&W6öÇfVB#¢&‡GG3¢ò÷&Vv—7G'’æçÖ§2æ÷&r÷7Æ—C"òÒ÷7Æ—C"ÓBã"ãçFw¢"À¢&–çFVw&—G’#¢'6†S"ÕV6¦4¤õv¶ç$æ´ceÅƒƒ74„Ód´†ud´æµcc%“†WU”Egc—–Dugt„Ô·†D¦¦SeEwÆ¤su—4F‡$6Dõ”ƒEEvsÓÒ"À¢&Æ–6Vç6R#¢$•42"À¢&Væv–æW2#¢°¢&æöFR#¢#ãÒç‚ ¢Ð¢ÒÀ¢&æöFUöÖöGVÆW2÷7FGW6W2#¢°¢'fW'6–öâ#¢#"ãã""À¢'&W6öÇfVB#¢&‡GG3¢ò÷&Vv—7G'’æçÖ§2æ÷&r÷7FGW6W2òÒ÷7FGW6W2Ó"ãã"çFw¢"À¢&–çFVw&—G’#¢'6†S"ÔGdW“SUc4D#wV¶å&ò³F”ôuCVe6Å#‡uö…fF¶æ–u¥××7F´¥v‡v•”$4¤S5VÃ'FäF–†„%–å&…¥„t&•'sÓÒ"À¢&Æ–6Vç6R#¢$Ô•B"À¢&Væv–æW2#¢°¢&æöFR#¢#ãÒã‚ ¢Ð¢ÒÀ¢&æöFUöÖöGVÆW2÷7G&V×6V&6‚#¢°¢'fW'6–öâ#¢#ãã"À¢'&W6öÇfVB#¢&‡GG3¢ò÷&Vv—7G'’æçÖ§2æ÷&r÷7G&V×6V&6‚òÒ÷7G&V×6V&6‚ÓããçFw¢"À¢&–çFVw&—G’#¢'6†S"ÔÖ63Wt†V‡–‡£ƒf%¥W•“Vfs—S''cV7“6Õ'%–´t3‡%s&„Ó&¥wWv§DÂ²´Å3W–å7–†£%dÇ”ç7V2µg4W†sÓÒ"À¢&Væv–æW2#¢°¢&æöFR#¢#ãÓãã ¢Ð¢ÒÀ¢&æöFUöÖöGVÆW2÷7G&–æuöFV6öFW"#¢°¢'fW'6–öâ#¢#ã2ã"À¢'&W6öÇfVB#¢&‡GG3¢ò÷&Vv—7G'’æçÖ§2æ÷&r÷7G&–æuöFV6öFW"òÒ÷7G&–æuöFV6öFW"Óã2ãçFw¢"À¢&–çFVw&—G’#¢'6†S"Ö†µ%ƒ…Sv¤¤fC„Ç4D£'•÷uuw†÷W4%S†f´Ó„¶£³ƒT¤wCf7#v†sd´–&#FöµSd×Ãd$ö¢·WW÷t¶TÓÒ"À¢&Æ–6Vç6R#¢$Ô•B"À¢&FWVæFVæ6–W2#¢°¢'6fRÖ'VffW"#¢'ãRã"ã ¢Ð¢ÒÀ¢&æöFUöÖöGVÆW2÷7G&çVÒ#¢°¢'fW'6–öâ#¢#"ãBã"À¢'&W6öÇfVB#¢&‡GG3¢ò÷&Vv—7G'’æçÖ§2æ÷&r÷7G&çVÒòÒ÷7G&çVÒÓ"ãBãçFw¢"À¢&–çFVw&—G’#¢'6†S"ÔÓ–UU4ÕC&D4#&5DåsuU–£d·T³u$¥#%4ã"·”5böeEs7‡¥D53dVu£W4ÖtD–¤#w#‡¥6eDv²¶Ggfã—%F§e3”×vsÓÒ"À¢&gVæF–ær#¢°¢°¢'G—R#¢&v—F‡V""À¢'W&Â#¢&‡GG3¢òöv—F‡V"æ6öÒ÷7öç6÷'2ôæGW&Ä–çFVÆÆ–vVæ6R ¢Ð¢ÒÀ¢&Æ–6Vç6R#¢$Ô•B"À¢&FWVæFVæ6–W2#¢°¢&ç–çVÒ#¢%ããã ¢Ð¢ÒÀ¢&æöFUöÖöGVÆW2÷Fö–FVçF–f–W"#¢°¢'fW'6–öâ#¢#ãã"À¢'&W6öÇfVB#¢&‡GG3¢ò÷&Vv—7G'’æçÖ§2æ÷&r÷Fö–FVçF–f–W"òÒ÷Fö–FVçF–f–W"ÓããçFw¢"À¢&–çFVw&—G’#¢'6†S"ÖóW55´V¶rôD•æÔƒC5c÷VW$Ç'¥fVFµVƒ‡DtçfU‡gWv¤¶VæÅ6÷‚ó$òô%FÅ¥WDVR´¤sw3U–„W£c…Ä…$ÓÒ"À¢&Æ–6Vç6R#¢$Ô•B"À¢&Væv–æW2#¢°¢&æöFR#¢#ãÓãb ¢Ð¢ÒÀ¢&æöFUöÖöGVÆW2÷G7‚#¢°¢'fW'6–öâ#¢#Bã#2ã"À¢'&W6öÇfVB#¢&‡GG3¢ò÷&Vv—7G'’æçÖ§2æ÷&r÷G7‚òÒ÷G7‚ÓBã#2ãçFw¢"À¢&–çFVw&—G’#¢'6†S"Ôu†æ´–g‡—ƒu”4õ2÷vöæ–³TÕe%¥S–†“DU¦×¤u¥44¤#“•–võ£„ƒf—DäR÷SG7TR·”ÆÔ÷§TSDSU3EE¢õ¥ƒ'v5uÓÒ"À¢&FWb#¢G'VRÀ¢&Æ–6Vç6R#¢$Ô•B"À¢&FWVæFVæ6–W2#¢°¢&W6'V–ÆB#¢'ãã#‚ã ¢ÒÀ¢&&–â#¢°¢'G7‚#¢&F—7Bö6Æ’æÖ§2 ¢ÒÀ¢&Væv–æW2#¢°¢&æöFR#¢#ãÓ‚ãã ¢ÒÀ¢&÷F–öæÄFWVæFVæ6–W2#¢°¢&g6WfVçG2#¢'ã"ã2ã2 ¢Ð¢ÒÀ¢&æöFUöÖöGVÆW2÷G—RÖ—2#¢°¢'fW'6–öâ#¢#"ãã"À¢'&W6öÇfVB#¢&‡GG3¢ò÷&Vv—7G'’æçÖ§2æ÷&r÷G—RÖ—2òÒ÷G—RÖ—2Ó"ããçFw¢"À¢&–çFVw&—G’#¢'6†S"Öf”‡sä&&2öµtc7¤eDVç…4dôuUƒ”tf$ô'F‡dFDÇ4–ÄVõtôd÷E3¦t6•—t—6´Ã–”u…¤Ã6´„C„öõ£DvÔÔDÓÒ"À¢&Æ–6Vç6R#¢$Ô•B"À¢&FWVæFVæ6–W2#¢°¢&6öçFVçB×G—R#¢%ã"ãã"À¢&ÖVF–×G—W"#¢%ããã"À¢&Ö–ÖR×G—W2#¢%ã2ãã ¢ÒÀ¢&Væv–æW2#¢°¢&æöFR#¢#ãÒ‚ ¢ÒÀ¢&gVæF–ær#¢°¢'G—R#¢&÷Væ6öÆÆV7F—fR"À¢'W&Â#¢&‡GG3¢òö÷Væ6öÆÆV7F—fRæ6öÒöW‡&W72 ¢Ð¢ÒÀ¢&æöFUöÖöGVÆW2÷G—RÖ—2öæöFUöÖöGVÆW2ö6öçFVçB×G—R#¢°¢'fW'6–öâ#¢#"ãã"À¢'&W6öÇfVB#¢&‡GG3¢ò÷&Vv—7G'’æçÖ§2æ÷&rö6öçFVçB×G—RòÒö6öçFVçB×G—RÓ"ããçFw¢"À¢&–çFVw&—G’#¢'6†S"Ö¢ôòöCtv5¤7”æÃrö‡u¤#cg'§·—fF7DÆÖ6¶'„Ç¤‡dd'¥D¤‡TtVFöDF57”•&ôG$Ä†´”D§Wg¦$fÇö¶“&5ÓÒ"À¢&Æ–6Vç6R#¢$Ô•B"À¢&Væv–æW2#¢°¢&æöFR#¢#ãÓ‚ ¢ÒÀ¢&gVæF–ær#¢°¢'G—R#¢&÷Væ6öÆÆV7F—fR"À¢'W&Â#¢&‡GG3¢òö÷Væ6öÆÆV7F—fRæ6öÒöW‡&W72 ¢Ð¢ÒÀ¢&æöFUöÖöGVÆW2÷G—VF'&’#¢°¢'fW'6–öâ#¢#ããb"À¢'&W6öÇfVB#¢&‡GG3¢ò÷&Vv—7G'’æçÖ§2æ÷&r÷G—VF'&’òÒ÷G—VF'&’ÓããbçFw¢"À¢&–çFVw&—G’#¢'6†S"Òö4DTvDwe£$$–²´†ÔÆcF–d4¤gwd´dæ#’ô¦U¥×VÆftg&6ã•f4cTtó„"ö×vUV¥6ö&Å3T–ã5v‡g2óUÓÒ"À¢&Æ–6Vç6R#¢$Ô•B ¢ÒÀ¢&æöFUöÖöGVÆW2÷G—W67&—B#¢°¢'fW'6–öâ#¢#Rã’ã2"À¢'&W6öÇfVB#¢&‡GG3¢ò÷&Vv—7G'’æçÖ§2æ÷&r÷G—W67&—BòÒ÷G—W67&—BÓRã’ã2çFw¢"À¢&–çFVw&—G’#¢'6†S"Ö¦Ãe§¥F–äÇ#–UWC4¢÷CucdftäWs•§d%G—7£”¶eDCCe$3%“GdµF–WeCF%†Æ#$†„Ç‡wFÓdÓUFu7sÓÒ"À¢&FWb#¢G'VRÀ¢&Æ–6Vç6R#¢$6†RÓ"ã"À¢&&–â#¢°¢'G62#¢&&–â÷G62"À¢'G76W'fW"#¢&&–â÷G76W'fW" ¢ÒÀ¢&Væv–æW2#¢°¢&æöFR#¢#ãÓBãr ¢Ð¢ÒÀ¢&æöFUöÖöGVÆW2÷VæF–6’×G—W2#¢°¢'fW'6–öâ#¢#‚ã2ã"À¢'&W6öÇfVB#¢&‡GG3¢ò÷&Vv—7G'’æçÖ§2æ÷&r÷VæF–6’×G—W2òÒ÷VæF–6’×G—W2Ó‚ã2ãçFw¢"À¢&–çFVw&—G’#¢'6†S"Ö£3sU65ccFöÒµ–µd–eDÆ4ö•†´âö'T‡£Tvö&¤Æ†—„gTæç343–ÃDv×%wV¦u…t£t&$¦4e—DUVµ3vS†'¥ÓÒ"À¢&FWb#¢G'VRÀ¢&Æ–6Vç6R#¢$Ô•B ¢ÒÀ¢&æöFUöÖöGVÆW2÷Vç—R#¢°¢'fW'6–öâ#¢#ãã"À¢'&W6öÇfVB#¢&‡GG3¢ò÷&Vv—7G'’æçÖ§2æ÷&r÷Vç—RòÒ÷Vç—RÓããçFw¢"À¢&–çFVw&—G’#¢'6†S"×§“&%–…77VguvÄ·u2¶Ã64ãr·wT¦Ä³gW£–D¤TöÅF&Ãf¦òõ–Å“FÖ#†uVµd3„$cuc„çW¦W•ç&·46‡§DµÓÒ"À¢&Æ–6Vç6R#¢$Ô•B"À¢&Væv–æW2#¢°¢&æöFR#¢#ãÒã‚ ¢Ð¢ÒÀ¢&æöFUöÖöGVÆW2÷WF–ÂÖFW&V6FR#¢°¢'fW'6–öâ#¢#ãã""À¢'&W6öÇfVB#¢&‡GG3¢ò÷&Vv—7G'’æçÖ§2æ÷&r÷WF–ÂÖFW&V6FRòÒ÷WF–ÂÖFW&V6FRÓãã"çFw¢"À¢&–çFVw&—G’#¢'6†S"ÔUCWU‡”g„§7$Æä63ä†ç6tödE¤&ö4–”“%F44ud4£T¤DÖt7¤–µ„ç5U–dCF²òôÅDU‡†”–'$‡F7sÓÒ"À¢&Æ–6Vç6R#¢$Ô•B ¢ÒÀ¢&æöFUöÖöGVÆW2÷f'’#¢°¢'fW'6–öâ#¢#ãã""À¢'&W6öÇfVB#¢&‡GG3¢ò÷&Vv—7G'’æçÖ§2æ÷&r÷f'’òÒ÷f'’Óãã"çFw¢"À¢&–çFVw&—G’#¢'6†S"Ô$äv%tÆfCUU&†µ…UfÓ£‡WWe$W•FƒV÷e&öG–÷rô'%¤§”2³VeR´—¥÷¦Ô·¥—•$•6õ&†E#6T•¢õ‡sÓÒ"À¢&Æ–6Vç6R#¢$Ô•B"À¢&Væv–æW2#¢°¢&æöFR#¢#ãÒã‚ ¢Ð¢ÒÀ¢&æöFUöÖöGVÆW2÷w&’#¢°¢'fW'6–öâ#¢#ãã""À¢'&W6öÇfVB#¢&‡GG3¢ò÷&Vv—7G'’æçÖ§2æ÷&r÷w&’òÒ÷w&’Óãã"çFw¢"À¢&–çFVw&—G’#¢'6†S"ÖÃE7ôE'6V÷#—tÃdWec"µGUãc6DÖµ¥¢÷7•†¶v…DV%c”¶Å3…W5£7Srô•óGw‡F4d#F&w&5#57fW¥5ÓÒ"À¢&Æ–6Vç6R#¢$•42 ¢ÒÀ¢&æöFUöÖöGVÆW2÷†ÖÂÖæÖ–ær#¢°¢'fW'6–öâ#¢#ã2ã"À¢'&W6öÇfVB#¢&‡GG3¢ò÷&Vv—7G'’æçÖ§2æ÷&r÷†ÖÂÖæÖ–æròÒ÷†ÖÂÖæÖ–ærÓã2ãçFw¢"À¢&–çFVw&—G’#¢'6†S"Öv†–s%D$RôƒõfvÖ„4Ö†–×f´'#d¤•–¶ä‚ôF†F³å‡vF$—$§6&d×‡des†$ssvtã#–wd·ÕfõÇeÓÒ"À¢&gVæF–ær#¢°¢°¢'G—R#¢&v—F‡V""À¢'W&Â#¢&‡GG3¢òöv—F‡V"æ6öÒ÷7öç6÷'2ôæGW&Ä–çFVÆÆ–vVæ6R ¢Ð¢ÒÀ¢&Æ–6Vç6R#¢$Ô•B"À¢&Væv–æW2#¢°¢&æöFR#¢#ãÓbãã ¢Ð¢ÒÀ¢&æöFUöÖöGVÆW2÷‡FVæB#¢°¢'fW'6–öâ#¢#Bãã""À¢'&W6öÇfVB#¢&‡GG3¢ò÷&Vv—7G'’æçÖ§2æ÷&r÷‡FVæBòÒ÷‡FVæBÓBãã"çFw¢"À¢&–çFVw&—G’#¢'6†S"ÔÄµ•S”„¥…Vt†ã•U&¦—R´Õv‡•U„‡7fgvÖ7U–Ó–E5T´³ô6§G%Wtd„Cƒ"öÔ5v'DÇ4v¤d–Ct—6öCG§%DUÓÒ"À¢&Æ–6Vç6R#¢$Ô•B"À¢&Væv–æW2#¢°¢&æöFR#¢#ãÓãB ¢Ð¢Ð¢Ð§Ð